// !$*UTF8*$!
{
	archiveVersion = 1;
	classes = {
	};
	objectVersion = 50;
	objects = {

/* Begin PBXBuildFile section */
		66F56CAE236F90A0009AF2CA /* AppDelegate.swift in Sources */ = {isa = PBXBuildFile; fileRef = 66F56CAD236F90A0009AF2CA /* AppDelegate.swift */; };
		66F56CB0236F90A0009AF2CA /* SceneDelegate.swift in Sources */ = {isa = PBXBuildFile; fileRef = 66F56CAF236F90A0009AF2CA /* SceneDelegate.swift */; };
		66F56CB2236F90A0009AF2CA /* ViewController.swift in Sources */ = {isa = PBXBuildFile; fileRef = 66F56CB1236F90A0009AF2CA /* ViewController.swift */; };
		66F56CB5236F90A0009AF2CA /* Main.storyboard in Resources */ = {isa = PBXBuildFile; fileRef = 66F56CB3236F90A0009AF2CA /* Main.storyboard */; };
		66F56CB7236F90A1009AF2CA /* Assets.xcassets in Resources */ = {isa = PBXBuildFile; fileRef = 66F56CB6236F90A1009AF2CA /* Assets.xcassets */; };
		66F56CBA236F90A1009AF2CA /* LaunchScreen.storyboard in Resources */ = {isa = PBXBuildFile; fileRef = 66F56CB8236F90A1009AF2CA /* LaunchScreen.storyboard */; };
/* End PBXBuildFile section */

/* Begin PBXFileReference section */
		66F56CAA236F90A0009AF2CA /* AboutMeTest(IOSPT4).app */ = {isa = PBXFileReference; explicitFileType = wrapper.application; includeInIndex = 0; path = "AboutMeTest(IOSPT4).app"; sourceTree = BUILT_PRODUCTS_DIR; };
		66F56CAD236F90A0009AF2CA /* AppDelegate.swift */ = {isa = PBXFileReference; lastKnownFileType = sourcecode.swift; path = AppDelegate.swift; sourceTree = "<group>"; };
		66F56CAF236F90A0009AF2CA /* SceneDelegate.swift */ = {isa = PBXFileReference; lastKnownFileType = sourcecode.swift; path = SceneDelegate.swift; sourceTree = "<group>"; };
		66F56CB1236F90A0009AF2CA /* ViewController.swift */ = {isa = PBXFileReference; lastKnownFileType = sourcecode.swift; path = ViewController.swift; sourceTree = "<group>"; };
		66F56CB4236F90A0009AF2CA /* Base */ = {isa = PBXFileReference; lastKnownFileType = file.storyboard; name = Base; path = Base.lproj/Main.storyboard; sourceTree = "<group>"; };
		66F56CB6236F90A1009AF2CA /* Assets.xcassets */ = {isa = PBXFileReference; lastKnownFileType = folder.assetcatalog; path = Assets.xcassets; sourceTree = "<group>"; };
		66F56CB9236F90A1009AF2CA /* Base */ = {isa = PBXFileReference; lastKnownFileType = file.storyboard; name = Base; path = Base.lproj/LaunchScreen.storyboard; sourceTree = "<group>"; };
		66F56CBB236F90A1009AF2CA /* Info.plist */ = {isa = PBXFileReference; lastKnownFileType = text.plist.xml; path = Info.plist; sourceTree = "<group>"; };
/* End PBXFileReference section */

/* Begin PBXFrameworksBuildPhase section */
		66F56CA7236F90A0009AF2CA /* Frameworks */ = {
			isa = PBXFrameworksBuildPhase;
			buildActionMask = 2147483647;
			files = (
			);
			runOnlyForDeploymentPostprocessing = 0;
		};
/* End PBXFrameworksBuildPhase section */

/* Begin PBXGroup section */
		66F56CA1236F90A0009AF2CA = {
			isa = PBXGroup;
			children = (
				66F56CAC236F90A0009AF2CA /* AboutMeTest(IOSPT4) */,
				66F56CAB236F90A0009AF2CA /* Products */,
			);
			sourceTree = "<group>";
		};
		66F56CAB236F90A0009AF2CA /* Products */ = {
			isa = PBXGroup;
			children = (
				66F56CAA236F90A0009AF2CA /* AboutMeTest(IOSPT4).app */,
			);
			name = Products;
			sourceTree = "<group>";
		};
		66F56CAC236F90A0009AF2CA /* AboutMeTest(IOSPT4) */ = {
			isa = PBXGroup;
			children = (
				66F56CAD236F90A0009AF2CA /* AppDelegate.swift */,
				66F56CAF236F90A0009AF2CA /* SceneDelegate.swift */,
				66F56CB1236F90A0009AF2CA /* ViewController.swift */,
				66F56CB3236F90A0009AF2CA /* Main.storyboard */,
				66F56CB6236F90A1009AF2CA /* Assets.xcassets */,
				66F56CB8236F90A1009AF2CA /* LaunchScreen.storyboard */,
				66F56CBB236F90A1009AF2CA /* Info.plist */,
			);
			path = "AboutMeTest(IOSPT4)";
			sourceTree = "<group>";
		};
/* End PBXGroup section */

/* Begin PBXNativeTarget section */
		66F56CA9236F90A0009AF2CA /* AboutMeTest(IOSPT4) */ = {
			isa = PBXNativeTarget;
			buildConfigurationList = 66F56CBE236F90A1009AF2CA /* Build configuration list for PBXNativeTarget "AboutMeTest(IOSPT4)" */;
			buildPhases = (
				66F56CA6236F90A0009AF2CA /* Sources */,
				66F56CA7236F90A0009AF2CA /* Frameworks */,
				66F56CA8236F90A0009AF2CA /* Resources */,
			);
			buildRules = (
			);
			dependencies = (
			);
			name = "AboutMeTest(IOSPT4)";
			productName = "AboutMeTest(IOSPT4)";
			productReference = 66F56CAA236F90A0009AF2CA /* AboutMeTest(IOSPT4).app */;
			productType = "com.apple.product-type.application";
		};
/* End PBXNativeTarget section */

/* Begin PBXProject section */
		66F56CA2236F90A0009AF2CA /* Project object */ = {
			isa = PBXProject;
			attributes = {
				LastSwiftUpdateCheck = 1110;
				LastUpgradeCheck = 1110;
				ORGANIZATIONNAME = "Mustafa Shalal";
				TargetAttributes = {
					66F56CA9236F90A0009AF2CA = {
						CreatedOnToolsVersion = 11.1;
					};
				};
			};
			buildConfigurationList = 66F56CA5236F90A0009AF2CA /* Build configuration list for PBXProject "AboutMeTest(IOSPT4)" */;
			compatibilityVersion = "Xcode 9.3";
			developmentRegion = en;
			hasScannedForEncodings = 0;
			knownRegions = (
				en,
				Base,
			);
			mainGroup = 66F56CA1236F90A0009AF2CA;
			productRefGroup = 66F56CAB236F90A0009AF2CA /* Products */;
			projectDirPath = "";
			projectRoot = "";
			targets = (
				66F56CA9236F90A0009AF2CA /* AboutMeTest(IOSPT4) */,
			);
		};
/* End PBXProject section */

/* Begin PBXResourcesBuildPhase section */
		66F56CA8236F90A0009AF2CA /* Resources */ = {
			isa = PBXResourcesBuildPhase;
			buildActionMask = 2147483647;
			files = (
				66F56CBA236F90A1009AF2CA /* LaunchScreen.storyboard in Resources */,
				66F56CB7236F90A1009AF2CA /* Assets.xcassets in Resources */,
				66F56CB5236F90A0009AF2CA /* Main.storyboard in Resources */,
			);
			runOnlyForDeploymentPostprocessing = 0;
		};
/* End PBXResourcesBuildPhase section */

/* Begin PBXSourcesBuildPhase section */
		66F56CA6236F90A0009AF2CA /* Sources */ = {
			isa = PBXSourcesBuildPhase;
			buildActionMask = 2147483647;
			files = (
				66F56CB2236F90A0009AF2CA /* ViewController.swift in Sources */,
				66F56CAE236F90A0009AF2CA /* AppDelegate.swift in Sources */,
				66F56CB0236F90A0009AF2CA /* SceneDelegate.swift in Sources */,
			);
			runOnlyForDeploymentPostprocessing = 0;
		};
/* End PBXSourcesBuildPhase section */

/* Begin PBXVariantGroup section */
		66F56CB3236F90A0009AF2CA /* Main.storyboard */ = {
			isa = PBXVariantGroup;
			children = (
				66F56CB4236F90A0009AF2CA /* Base */,
			);
			name = Main.storyboard;
			sourceTree = "<group>";
		};
		66F56CB8236F90A1009AF2CA /* LaunchScreen.storyboard */ = {
			isa = PBXVariantGroup;
			children = (
				66F56CB9236F90A1009AF2CA /* Base */,
			);
			name = LaunchScreen.storyboard;
			sourceTree = "<group>";
		};
/* End PBXVariantGroup section */

/* Begin XCBuildConfiguration section */
		66F56CBC236F90A1009AF2CA /* Debug */ = {
			isa = XCBuildConfiguration;
			buildSettings = {
				ALWAYS_SEARCH_USER_PATHS = NO;
				CLANG_ANALYZER_NONNULL = YES;
				CLANG_ANALYZER_NUMBER_OBJECT_CONVERSION = YES_AGGRESSIVE;
				CLANG_CXX_LANGUAGE_STANDARD = "gnu++14";
				CLANG_CXX_LIBRARY = "libc++";
				CLANG_ENABLE_MODULES = YES;
				CLANG_ENABLE_OBJC_ARC = YES;
				CLANG_ENABLE_OBJC_WEAK = YES;
				CLANG_WARN_BLOCK_CAPTURE_AUTORELEASING = YES;
				CLANG_WARN_BOOL_CONVERSION = YES;
				CLANG_WARN_COMMA = YES;
				CLANG_WARN_CONSTANT_CONVERSION = YES;
				CLANG_WARN_DEPRECATED_OBJC_IMPLEMENTATIONS = YES;
				CLANG_WARN_DIRECT_OBJC_ISA_USAGE = YES_ERROR;
				CLANG_WARN_DOCUMENTATION_COMMENTS = YES;
				CLANG_WARN_EMPTY_BODY = YES;
				CLANG_WARN_ENUM_CONVERSION = YES;
				CLANG_WARN_INFINITE_RECURSION = YES;
				CLANG_WARN_INT_CONVERSION = YES;
				CLANG_WARN_NON_LITERAL_NULL_CONVERSION = YES;
				CLANG_WARN_OBJC_IMPLICIT_RETAIN_SELF = YES;
				CLANG_WARN_OBJC_LITERAL_CONVERSION = YES;
				CLANG_WARN_OBJC_ROOT_CLASS = YES_ERROR;
				CLANG_WARN_RANGE_LOOP_ANALYSIS = YES;
				CLANG_WARN_STRICT_PROTOTYPES = YES;
				CLANG_WARN_SUSPICIOUS_MOVE = YES;
				CLANG_WARN_UNGUARDED_AVAILABILITY = YES_AGGRESSIVE;
				CLANG_WARN_UNREACHABLE_CODE = YES;
				CLANG_WARN__DUPLICATE_METHOD_MATCH = YES;
				COPY_PHASE_STRIP = NO;
				DEBUG_INFORMATION_FORMAT = dwarf;
				ENABLE_STRICT_OBJC_MSGSEND = YES;
				ENABLE_TESTABILITY = YES;
				GCC_C_LANGUAGE_STANDARD = gnu11;
				GCC_DYNAMIC_NO_PIC = NO;
				GCC_NO_COMMON_BLOCKS = YES;
				GCC_OPTIMIZATION_LEVEL = 0;
				GCC_PREPROCESSOR_DEFINITIONS = (
					"DEBUG=1",
					"$(inherited)",
				);
				GCC_WARN_64_TO_32_BIT_CONVERSION = YES;
				GCC_WARN_ABOUT_RETURN_TYPE = YES_ERROR;
				GCC_WARN_UNDECLARED_SELECTOR = YES;
				GCC_WARN_UNINITIALIZED_AUTOS = YES_AGGRESSIVE;
				GCC_WARN_UNUSED_FUNCTION = YES;
				GCC_WARN_UNUSED_VARIABLE = YES;
				IPHONEOS_DEPLOYMENT_TARGET = 13.1;
				MTL_ENABLE_DEBUG_INFO = INCLUDE_SOURCE;
				MTL_FAST_MATH = YES;
				ONLY_ACTIVE_ARCH = YES;
				SDKROOT = iphoneos;
				SWIFT_ACTIVE_COMPILATION_CONDITIONS = DEBUG;
				SWIFT_OPTIMIZATION_LEVEL = "-Onone";
			};
			name = Debug;
		};
		66F56CBD236F90A1009AF2CA /* Release */ = {
			isa = XCBuildConfiguration;
			buildSettings = {
				ALWAYS_SEARCH_USER_PATHS = NO;
				CLANG_ANALYZER_NONNULL = YES;
				CLANG_ANALYZER_NUMBER_OBJECT_CONVERSION = YES_AGGRESSIVE;
				CLANG_CXX_LANGUAGE_STANDARD = "gnu++14";
				CLANG_CXX_LIBRARY = "libc++";
				CLANG_ENABLE_MODULES = YES;
				CLANG_ENABLE_OBJC_ARC = YES;
				CLANG_ENABLE_OBJC_WEAK = YES;
				CLANG_WARN_BLOCK_CAPTURE_AUTORELEASING = YES;
				CLANG_WARN_BOOL_CONVERSION = YES;
				CLANG_WARN_COMMA = YES;
				CLANG_WARN_CONSTANT_CONVERSION = YES;
				CLANG_WARN_DEPRECATED_OBJC_IMPLEMENTATIONS = YES;
				CLANG_WARN_DIRECT_OBJC_ISA_USAGE = YES_ERROR;
				CLANG_WARN_DOCUMENTATION_COMMENTS = YES;
				CLANG_WARN_EMPTY_BODY = YES;
				CLANG_WARN_ENUM_CONVERSION = YES;
				CLANG_WARN_INFINITE_RECURSION = YES;
				CLANG_WARN_INT_CONVERSION = YES;
				CLANG_WARN_NON_LITERAL_NULL_CONVERSION = YES;
				CLANG_WARN_OBJC_IMPLICIT_RETAIN_SELF = YES;
				CLANG_WARN_OBJC_LITERAL_CONVERSION = YES;
				CLANG_WARN_OBJC_ROOT_CLASS = YES_ERROR;
				CLANG_WARN_RANGE_LOOP_ANALYSIS = YES;
				CLANG_WARN_STRICT_PROTOTYPES = YES;
				CLANG_WARN_SUSPICIOUS_MOVE = YES;
				CLANG_WARN_UNGUARDED_AVAILABILITY = YES_AGGRESSIVE;
				CLANG_WARN_UNREACHABLE_CODE = YES;
				CLANG_WARN__DUPLICATE_METHOD_MATCH = YES;
				COPY_PHASE_STRIP = NO;
				DEBUG_INFORMATION_FORMAT = "dwarf-with-dsym";
				ENABLE_NS_ASSERTIONS = NO;
				ENABLE_STRICT_OBJC_MSGSEND = YES;
				GCC_C_LANGUAGE_STANDARD = gnu11;
				GCC_NO_COMMON_BLOCKS = YES;
				GCC_WARN_64_TO_32_BIT_CONVERSION = YES;
				GCC_WARN_ABOUT_RETURN_TYPE = YES_ERROR;
				GCC_WARN_UNDECLARED_SELECTOR = YES;
				GCC_WARN_UNINITIALIZED_AUTOS = YES_AGGRESSIVE;
				GCC_WARN_UNUSED_FUNCTION = YES;
				GCC_WARN_UNUSED_VARIABLE = YES;
				IPHONEOS_DEPLOYMENT_TARGET = 13.1;
				MTL_ENABLE_DEBUG_INFO = NO;
				MTL_FAST_MATH = YES;
				SDKROOT = iphoneos;
				SWIFT_COMPILATION_MODE = wholemodule;
				SWIFT_OPTIMIZATION_LEVEL = "-O";
				VALIDATE_PRODUCT = YES;
			};
			name = Release;
		};
		66F56CBF236F90A1009AF2CA /* Debug */ = {
			isa = XCBuildConfiguration;
			buildSettings = {
				ASSETCATALOG_COMPILER_APPICON_NAME = AppIcon;
				CODE_SIGN_STYLE = Automatic;
				DEVELOPMENT_TEAM = W83454FUY2;
				INFOPLIST_FILE = "AboutMeTest(IOSPT4)/Info.plist";
				LD_RUNPATH_SEARCH_PATHS = (
					"$(inherited)",
					"@executable_path/Frameworks",
				);
				PRODUCT_BUNDLE_IDENTIFIER = "com.MustafaShalal.AboutMeTest-IOSPT4-";
				PRODUCT_NAME = "$(TARGET_NAME)";
				SWIFT_VERSION = 5.0;
				TARGETED_DEVICE_FAMILY = "1,2";
			};
			name = Debug;
		};
		66F56CC0236F90A1009AF2CA /* Release */ = {
			isa = XCBuildConfiguration;
			buildSettings = {
				ASSETCATALOG_COMPILER_APPICON_NAME = AppIcon;
				CODE_SIGN_STYLE = Automatic;
				DEVELOPMENT_TEAM = W83454FUY2;
				INFOPLIST_FILE = "AboutMeTest(IOSPT4)/Info.plist";
				LD_RUNPATH_SEARCH_PATHS = (
					"$(inherited)",
					"@executable_path/Frameworks",
				);
				PRODUCT_BUNDLE_IDENTIFIER = "com.MustafaShalal.AboutMeTest-IOSPT4-";
				PRODUCT_NAME = "$(TARGET_NAME)";
				SWIFT_VERSION = 5.0;
				TARGETED_DEVICE_FAMILY = "1,2";
			};
			name = Release;
		};
/* End XCBuildConfiguration section */

/* Begin XCConfigurationList section */
		66F56CA5236F90A0009AF2CA /* Build configuration list for PBXProject "AboutMeTest(IOSPT4)" */ = {
			isa = XCConfigurationList;
			buildConfigurations = (
				66F56CBC236F90A1009AF2CA /* Debug */,
				66F56CBD236F90A1009AF2CA /* Release */,
			);
			defaultConfigurationIsVisible = 0;
			defaultConfigurationName = Release;
		};
		66F56CBE236F90A1009AF2CA /* Build configuration list for PBXNativeTarget "AboutMeTest(IOSPT4)" */ = {
			isa = XCConfigurationList;
			buildConfigurations = (
				66F56CBF236F90A1009AF2CA /* Debug */,
				66F56CC0236F90A1009AF2CA /* Release */,
			);
			defaultConfigurationIsVisible = 0;
			defaultConfigurationName = Release;
		};
/* End XCConfigurationList section */
	};
	rootObject = 66F56CA2236F90A0009AF2CA /* Project object */;
}
